
Microsoft Visual Studio Solution File, Format Version 12.00
# Visual Studio Version 16
VisualStudioVersion = 16.0.31321.278
MinimumVisualStudioVersion = 10.0.40219.1
Project("{FAE04EC0-301F-11D3-BF4B-00C04F79EFBC}") = "CatalogService", "CatalogService\CatalogService.csproj", "{49FC308F-6A29-4C93-9827-FE5CA57D4136}"
EndProject
Project("{FAE04EC0-301F-11D3-BF4B-00C04F79EFBC}") = "APIGateway", "APIGateway\APIGateway.csproj", "{9D0B8F81-AD2F-47CA-8FED-47697A0656F0}"
EndProject
Global
	GlobalSection(SolutionConfigurationPlatforms) = preSolution
		Debug|Any CPU = Debug|Any CPU
		Release|Any CPU = Release|Any CPU
	EndGlobalSection
	GlobalSection(ProjectConfigurationPlatforms) = postSolution
		{49FC308F-6A29-4C93-9827-FE5CA57D4136}.Debug|Any CPU.ActiveCfg = Debug|Any CPU
		{49FC308F-6A29-4C93-9827-FE5CA57D4136}.Debug|Any CPU.Build.0 = Debug|Any CPU
		{49FC308F-6A29-4C93-9827-FE5CA57D4136}.Release|Any CPU.ActiveCfg = Release|Any CPU
		{49FC308F-6A29-4C93-9827-FE5CA57D4136}.Release|Any CPU.Build.0 = Release|Any CPU
		{9D0B8F81-AD2F-47CA-8FED-47697A0656F0}.Debug|Any CPU.ActiveCfg = Debug|Any CPU
		{9D0B8F81-AD2F-47CA-8FED-47697A0656F0}.Debug|Any CPU.Build.0 = Debug|Any CPU
		{9D0B8F81-AD2F-47CA-8FED-47697A0656F0}.Release|Any CPU.ActiveCfg = Release|Any CPU
		{9D0B8F81-AD2F-47CA-8FED-47697A0656F0}.Release|Any CPU.Build.0 = Release|Any CPU
	EndGlobalSection
	GlobalSection(SolutionProperties) = preSolution
		HideSolutionNode = FALSE
	EndGlobalSection
	GlobalSection(ExtensibilityGlobals) = postSolution
		SolutionGuid = {271D91C7-F949-44F1-8241-CA6C91C6D95A}
	EndGlobalSection
EndGlobal
